# This file is automatically @generated by Poetry 1.8.3 and should not be changed by hand.

[[package]]
name = "sqlglot"
version = "25.28.0"
description = "An easily customizable SQL parser and transpiler"
optional = false
python-versions = ">=3.7"
files = [
    {file = "sqlglot-25.28.0-py3-none-any.whl", hash = "sha256:01a6b76dd916c2ce39a5f808559e337600ea261873d25be0dc7f99da3d24860d"},
    {file = "sqlglot-25.28.0.tar.gz", hash = "sha256:1bfcadada28bcab873382b271ed30138597cbf8893d90cc259563f9498bd1b49"},
]

[package.extras]
dev = ["duckdb (>=0.6)", "maturin (>=1.4,<2.0)", "mypy", "pandas", "pandas-stubs", "pdoc", "pre-commit", "python-dateutil", "pytz", "ruff (==0.4.3)", "types-python-dateutil", "types-pytz", "typing-extensions"]
rs = ["sqlglotrs (==0.2.13)"]

[metadata]
lock-version = "2.0"
python-versions = "^3.10"
content-hash = "abdff386d222d93588df554cbdbc44ab1f3e82f16e7c6ed3f4b3753a7a82b3e2"
